# This file is autogenerated, do not edit; changes may be undone by the next 'dep ensure'.


[[projects]]
  branch = "master"
  name = "github.com/mrjones/oauth"
  packages = ["."]
  revision = "3f67d9c274355678b2f9844b08d643e2f9213340"

[[projects]]
  name = "github.com/pkg/errors"
  packages = ["."]
  revision = "645ef00459ed84a119197bfb8d8205042c6df63d"
  version = "v0.8.0"

[[projects]]
  name = "github.com/timehop/golog"
  packages = ["log"]
  revision = "f7b5bd986a7714f2a31bfe9f234ccf942af2b16c"
  version = "v0.5"

[solve-meta]
  analyzer-name = "dep"
  analyzer-version = 1
  inputs-digest = "242d8bbcf5276124e8c5c2266249448e2aadd80fddc662450d7a8a7f26a7b922"
  solver-name = "gps-cdcl"
  solver-version = 1
