# This file is autogenerated, do not edit; changes may be undone by the next 'dep ensure'.


[[projects]]
  branch = "master"
  name = "github.com/mrjones/oauth"
  packages = ["."]
  revision = "78d64468d6ec7b74e4b0d47cf61b4f4e288b944b"

[[projects]]
  name = "github.com/pkg/errors"
  packages = ["."]
  revision = "645ef00459ed84a119197bfb8d8205042c6df63d"
  version = "v0.8.0"

[[projects]]
  name = "github.com/timehop/golog"
  packages = ["log"]
  revision = "f7b5bd986a7714f2a31bfe9f234ccf942af2b16c"
  version = "v0.5"

[solve-meta]
  analyzer-name = "dep"
  analyzer-version = 1
  inputs-digest = "e434528e13d1176b155c8533e31185261c0bb88da46a4890109d3c46440671c0"
  solver-name = "gps-cdcl"
  solver-version = 1
